// !$*UTF8*$!
{
	archiveVersion = 1;
	classes = {
	};
	objectVersion = 46;
	objects = {

/* Begin PBXBuildFile section */
		10B44002A4F224391C1353C2 /* Pods_BrrrrTests.framework in Frameworks */ = {isa = PBXBuildFile; fileRef = 24CCD85F1BE4658245A2A55C /* Pods_BrrrrTests.framework */; };
		1E6A285A0BFC7894A585F2CA /* Pods_Brrrr_BrrrrTests.framework in Frameworks */ = {isa = PBXBuildFile; fileRef = 23076826A2F997228A2DC497 /* Pods_Brrrr_BrrrrTests.framework */; };
		3F5B41F8A78B4F531927E24C /* Pods_Brrrr.framework in Frameworks */ = {isa = PBXBuildFile; fileRef = A2CDB918DC2E26CB56B418A4 /* Pods_Brrrr.framework */; };
		CB3C60C31E66E18400B5DE01 /* Endpoints.swift in Sources */ = {isa = PBXBuildFile; fileRef = CB3C60C21E66E18400B5DE01 /* Endpoints.swift */; };
		CB3C60C61E67065C00B5DE01 /* DataPoint.swift in Sources */ = {isa = PBXBuildFile; fileRef = CB3C60C51E67065C00B5DE01 /* DataPoint.swift */; };
		CB3C60C81E6709F700B5DE01 /* DataBlock.swift in Sources */ = {isa = PBXBuildFile; fileRef = CB3C60C71E6709F700B5DE01 /* DataBlock.swift */; };
		CB3C60CA1E67BE5F00B5DE01 /* Alert.swift in Sources */ = {isa = PBXBuildFile; fileRef = CB3C60C91E67BE5F00B5DE01 /* Alert.swift */; };
		CB3C60CC1E67C19A00B5DE01 /* DarkSkyResponse.swift in Sources */ = {isa = PBXBuildFile; fileRef = CB3C60CB1E67C19A00B5DE01 /* DarkSkyResponse.swift */; };
		CB5918C11EDF65C60093AC57 /* HourlyCell.xib in Resources */ = {isa = PBXBuildFile; fileRef = CB5918C01EDF65C60093AC57 /* HourlyCell.xib */; };
		CB5918C31EDF65D80093AC57 /* HourlyCell.swift in Sources */ = {isa = PBXBuildFile; fileRef = CB5918C21EDF65D80093AC57 /* HourlyCell.swift */; };
		CB5918C71EE083AF0093AC57 /* LICENSE in Resources */ = {isa = PBXBuildFile; fileRef = CB5918C51EE083AF0093AC57 /* LICENSE */; };
		CB5918C81EE083AF0093AC57 /* weather.ttf in Resources */ = {isa = PBXBuildFile; fileRef = CB5918C61EE083AF0093AC57 /* weather.ttf */; };
		CB5918D31EE0C0EC0093AC57 /* XibLoadable.swift in Sources */ = {isa = PBXBuildFile; fileRef = CB5918D21EE0C0EC0093AC57 /* XibLoadable.swift */; };
		CB5918D71EE1F4510093AC57 /* DateService.swift in Sources */ = {isa = PBXBuildFile; fileRef = CB5918D51EE1F4510093AC57 /* DateService.swift */; };
		CB5918D81EE1F4510093AC57 /* Icons.swift in Sources */ = {isa = PBXBuildFile; fileRef = CB5918D61EE1F4510093AC57 /* Icons.swift */; };
		CB5918DC1EE6EF8D0093AC57 /* DailyTableCell.swift in Sources */ = {isa = PBXBuildFile; fileRef = CB5918DB1EE6EF8D0093AC57 /* DailyTableCell.swift */; };
		CB5918DF1EE723FC0093AC57 /* HeaderCell.swift in Sources */ = {isa = PBXBuildFile; fileRef = CB5918DE1EE723FC0093AC57 /* HeaderCell.swift */; };
		CB5918E11EE750BA0093AC57 /* HeaderCell.xib in Resources */ = {isa = PBXBuildFile; fileRef = CB5918E01EE750BA0093AC57 /* HeaderCell.xib */; };
		CB5918E61EE868040093AC57 /* CurrentCell.swift in Sources */ = {isa = PBXBuildFile; fileRef = CB5918E51EE868040093AC57 /* CurrentCell.swift */; };
		CB5D08E01ED5E5F1008F51FD /* MainViewController.swift in Sources */ = {isa = PBXBuildFile; fileRef = CB5D08DF1ED5E5F1008F51FD /* MainViewController.swift */; };
		CB5D08E21ED5E603008F51FD /* MainView.storyboard in Resources */ = {isa = PBXBuildFile; fileRef = CB5D08E11ED5E603008F51FD /* MainView.storyboard */; };
		CB5D08E41ED62DEC008F51FD /* MainViewModel.swift in Sources */ = {isa = PBXBuildFile; fileRef = CB5D08E31ED62DEC008F51FD /* MainViewModel.swift */; };
		CB5D08E81ED768F4008F51FD /* Location.swift in Sources */ = {isa = PBXBuildFile; fileRef = CB5D08E71ED768F4008F51FD /* Location.swift */; };
		CBD512C41E63B4A500614C3A /* AppDelegate.swift in Sources */ = {isa = PBXBuildFile; fileRef = CBD512C31E63B4A500614C3A /* AppDelegate.swift */; };
		CBD512CB1E63B4A500614C3A /* Assets.xcassets in Resources */ = {isa = PBXBuildFile; fileRef = CBD512CA1E63B4A500614C3A /* Assets.xcassets */; };
		CBD512CE1E63B4A500614C3A /* LaunchScreen.storyboard in Resources */ = {isa = PBXBuildFile; fileRef = CBD512CC1E63B4A500614C3A /* LaunchScreen.storyboard */; };
		CBD512D91E63B4A500614C3A /* BrrrrTests.swift in Sources */ = {isa = PBXBuildFile; fileRef = CBD512D81E63B4A500614C3A /* BrrrrTests.swift */; };
		CBD512E81E65245200614C3A /* API.swift in Sources */ = {isa = PBXBuildFile; fileRef = CBD512E71E65245200614C3A /* API.swift */; };
/* End PBXBuildFile section */

/* Begin PBXContainerItemProxy section */
		CBD512D51E63B4A500614C3A /* PBXContainerItemProxy */ = {
			isa = PBXContainerItemProxy;
			containerPortal = CBD512B81E63B4A500614C3A /* Project object */;
			proxyType = 1;
			remoteGlobalIDString = CBD512BF1E63B4A500614C3A;
			remoteInfo = Brrrr;
		};
/* End PBXContainerItemProxy section */

/* Begin PBXFileReference section */
		208801FB54C1E7D887478AC3 /* Pods-Brrrr-BrrrrTests.debug.xcconfig */ = {isa = PBXFileReference; includeInIndex = 1; lastKnownFileType = text.xcconfig; name = "Pods-Brrrr-BrrrrTests.debug.xcconfig"; path = "Pods/Target Support Files/Pods-Brrrr-BrrrrTests/Pods-Brrrr-BrrrrTests.debug.xcconfig"; sourceTree = "<group>"; };
		23076826A2F997228A2DC497 /* Pods_Brrrr_BrrrrTests.framework */ = {isa = PBXFileReference; explicitFileType = wrapper.framework; includeInIndex = 0; path = Pods_Brrrr_BrrrrTests.framework; sourceTree = BUILT_PRODUCTS_DIR; };
		24CCD85F1BE4658245A2A55C /* Pods_BrrrrTests.framework */ = {isa = PBXFileReference; explicitFileType = wrapper.framework; includeInIndex = 0; path = Pods_BrrrrTests.framework; sourceTree = BUILT_PRODUCTS_DIR; };
		4BC4BB3065A89C58FA302234 /* Pods-Brrrr.debug.xcconfig */ = {isa = PBXFileReference; includeInIndex = 1; lastKnownFileType = text.xcconfig; name = "Pods-Brrrr.debug.xcconfig"; path = "Pods/Target Support Files/Pods-Brrrr/Pods-Brrrr.debug.xcconfig"; sourceTree = "<group>"; };
		59FAE070954E17C04FBA4DED /* Pods-Brrrr-BrrrrTests.release.xcconfig */ = {isa = PBXFileReference; includeInIndex = 1; lastKnownFileType = text.xcconfig; name = "Pods-Brrrr-BrrrrTests.release.xcconfig"; path = "Pods/Target Support Files/Pods-Brrrr-BrrrrTests/Pods-Brrrr-BrrrrTests.release.xcconfig"; sourceTree = "<group>"; };
		A2CDB918DC2E26CB56B418A4 /* Pods_Brrrr.framework */ = {isa = PBXFileReference; explicitFileType = wrapper.framework; includeInIndex = 0; path = Pods_Brrrr.framework; sourceTree = BUILT_PRODUCTS_DIR; };
		AB02F42ED7129974CA6C6D17 /* Pods-Brrrr.release.xcconfig */ = {isa = PBXFileReference; includeInIndex = 1; lastKnownFileType = text.xcconfig; name = "Pods-Brrrr.release.xcconfig"; path = "Pods/Target Support Files/Pods-Brrrr/Pods-Brrrr.release.xcconfig"; sourceTree = "<group>"; };
		B3D44BF47F53953D980194AB /* Pods-BrrrrTests.release.xcconfig */ = {isa = PBXFileReference; includeInIndex = 1; lastKnownFileType = text.xcconfig; name = "Pods-BrrrrTests.release.xcconfig"; path = "Pods/Target Support Files/Pods-BrrrrTests/Pods-BrrrrTests.release.xcconfig"; sourceTree = "<group>"; };
		CB3C60C21E66E18400B5DE01 /* Endpoints.swift */ = {isa = PBXFileReference; fileEncoding = 4; lastKnownFileType = sourcecode.swift; name = Endpoints.swift; path = API/Endpoints.swift; sourceTree = "<group>"; };
		CB3C60C51E67065C00B5DE01 /* DataPoint.swift */ = {isa = PBXFileReference; fileEncoding = 4; lastKnownFileType = sourcecode.swift; name = DataPoint.swift; path = Models/DataPoint.swift; sourceTree = "<group>"; };
		CB3C60C71E6709F700B5DE01 /* DataBlock.swift */ = {isa = PBXFileReference; fileEncoding = 4; lastKnownFileType = sourcecode.swift; name = DataBlock.swift; path = Models/DataBlock.swift; sourceTree = "<group>"; };
		CB3C60C91E67BE5F00B5DE01 /* Alert.swift */ = {isa = PBXFileReference; fileEncoding = 4; lastKnownFileType = sourcecode.swift; name = Alert.swift; path = Models/Alert.swift; sourceTree = "<group>"; };
		CB3C60CB1E67C19A00B5DE01 /* DarkSkyResponse.swift */ = {isa = PBXFileReference; fileEncoding = 4; lastKnownFileType = sourcecode.swift; name = DarkSkyResponse.swift; path = Models/DarkSkyResponse.swift; sourceTree = "<group>"; };
		CB5918C01EDF65C60093AC57 /* HourlyCell.xib */ = {isa = PBXFileReference; fileEncoding = 4; lastKnownFileType = file.xib; name = HourlyCell.xib; path = Components/Hourly/HourlyCell.xib; sourceTree = "<group>"; };
		CB5918C21EDF65D80093AC57 /* HourlyCell.swift */ = {isa = PBXFileReference; fileEncoding = 4; lastKnownFileType = sourcecode.swift; name = HourlyCell.swift; path = Components/Hourly/HourlyCell.swift; sourceTree = "<group>"; };
		CB5918C51EE083AF0093AC57 /* LICENSE */ = {isa = PBXFileReference; fileEncoding = 4; lastKnownFileType = text; name = LICENSE; path = Assets/LICENSE; sourceTree = "<group>"; };
		CB5918C61EE083AF0093AC57 /* weather.ttf */ = {isa = PBXFileReference; lastKnownFileType = file; name = weather.ttf; path = Assets/weather.ttf; sourceTree = "<group>"; };
		CB5918D21EE0C0EC0093AC57 /* XibLoadable.swift */ = {isa = PBXFileReference; fileEncoding = 4; lastKnownFileType = sourcecode.swift; name = XibLoadable.swift; path = Components/XibLoadable.swift; sourceTree = "<group>"; };
		CB5918D51EE1F4510093AC57 /* DateService.swift */ = {isa = PBXFileReference; fileEncoding = 4; lastKnownFileType = sourcecode.swift; name = DateService.swift; path = Services/DateService.swift; sourceTree = "<group>"; };
		CB5918D61EE1F4510093AC57 /* Icons.swift */ = {isa = PBXFileReference; fileEncoding = 4; lastKnownFileType = sourcecode.swift; name = Icons.swift; path = Services/Icons.swift; sourceTree = "<group>"; };
		CB5918DB1EE6EF8D0093AC57 /* DailyTableCell.swift */ = {isa = PBXFileReference; fileEncoding = 4; lastKnownFileType = sourcecode.swift; name = DailyTableCell.swift; path = Components/Daily/DailyTableCell.swift; sourceTree = "<group>"; };
		CB5918DE1EE723FC0093AC57 /* HeaderCell.swift */ = {isa = PBXFileReference; fileEncoding = 4; lastKnownFileType = sourcecode.swift; name = HeaderCell.swift; path = Components/Header/HeaderCell.swift; sourceTree = "<group>"; };
		CB5918E01EE750BA0093AC57 /* HeaderCell.xib */ = {isa = PBXFileReference; fileEncoding = 4; lastKnownFileType = file.xib; name = HeaderCell.xib; path = Components/Header/HeaderCell.xib; sourceTree = "<group>"; };
		CB5918E51EE868040093AC57 /* CurrentCell.swift */ = {isa = PBXFileReference; fileEncoding = 4; lastKnownFileType = sourcecode.swift; name = CurrentCell.swift; path = Components/Current/CurrentCell.swift; sourceTree = "<group>"; };
		CB5D08DF1ED5E5F1008F51FD /* MainViewController.swift */ = {isa = PBXFileReference; fileEncoding = 4; lastKnownFileType = sourcecode.swift; name = MainViewController.swift; path = Views/Main/MainViewController.swift; sourceTree = "<group>"; };
		CB5D08E11ED5E603008F51FD /* MainView.storyboard */ = {isa = PBXFileReference; fileEncoding = 4; lastKnownFileType = file.storyboard; name = MainView.storyboard; path = Views/Main/MainView.storyboard; sourceTree = "<group>"; };
		CB5D08E31ED62DEC008F51FD /* MainViewModel.swift */ = {isa = PBXFileReference; fileEncoding = 4; lastKnownFileType = sourcecode.swift; name = MainViewModel.swift; path = Views/Main/MainViewModel.swift; sourceTree = "<group>"; };
		CB5D08E71ED768F4008F51FD /* Location.swift */ = {isa = PBXFileReference; fileEncoding = 4; lastKnownFileType = sourcecode.swift; name = Location.swift; path = API/Location.swift; sourceTree = "<group>"; };
		CBD512C01E63B4A500614C3A /* Brrrr.app */ = {isa = PBXFileReference; explicitFileType = wrapper.application; includeInIndex = 0; path = Brrrr.app; sourceTree = BUILT_PRODUCTS_DIR; };
		CBD512C31E63B4A500614C3A /* AppDelegate.swift */ = {isa = PBXFileReference; lastKnownFileType = sourcecode.swift; path = AppDelegate.swift; sourceTree = "<group>"; };
		CBD512CA1E63B4A500614C3A /* Assets.xcassets */ = {isa = PBXFileReference; lastKnownFileType = folder.assetcatalog; path = Assets.xcassets; sourceTree = "<group>"; };
		CBD512CD1E63B4A500614C3A /* Base */ = {isa = PBXFileReference; lastKnownFileType = file.storyboard; name = Base; path = Base.lproj/LaunchScreen.storyboard; sourceTree = "<group>"; };
		CBD512CF1E63B4A500614C3A /* Info.plist */ = {isa = PBXFileReference; lastKnownFileType = text.plist.xml; path = Info.plist; sourceTree = "<group>"; };
		CBD512D41E63B4A500614C3A /* BrrrrTests.xctest */ = {isa = PBXFileReference; explicitFileType = wrapper.cfbundle; includeInIndex = 0; path = BrrrrTests.xctest; sourceTree = BUILT_PRODUCTS_DIR; };
		CBD512D81E63B4A500614C3A /* BrrrrTests.swift */ = {isa = PBXFileReference; lastKnownFileType = sourcecode.swift; path = BrrrrTests.swift; sourceTree = "<group>"; };
		CBD512DA1E63B4A500614C3A /* Info.plist */ = {isa = PBXFileReference; lastKnownFileType = text.plist.xml; path = Info.plist; sourceTree = "<group>"; };
		CBD512E71E65245200614C3A /* API.swift */ = {isa = PBXFileReference; fileEncoding = 4; lastKnownFileType = sourcecode.swift; name = API.swift; path = API/API.swift; sourceTree = "<group>"; };
		E16A14F6096532BFC510344D /* Pods-BrrrrTests.debug.xcconfig */ = {isa = PBXFileReference; includeInIndex = 1; lastKnownFileType = text.xcconfig; name = "Pods-BrrrrTests.debug.xcconfig"; path = "Pods/Target Support Files/Pods-BrrrrTests/Pods-BrrrrTests.debug.xcconfig"; sourceTree = "<group>"; };
/* End PBXFileReference section */

/* Begin PBXFrameworksBuildPhase section */
		CBD512BD1E63B4A500614C3A /* Frameworks */ = {
			isa = PBXFrameworksBuildPhase;
			buildActionMask = 2147483647;
			files = (
				3F5B41F8A78B4F531927E24C /* Pods_Brrrr.framework in Frameworks */,
			);
			runOnlyForDeploymentPostprocessing = 0;
		};
		CBD512D11E63B4A500614C3A /* Frameworks */ = {
			isa = PBXFrameworksBuildPhase;
			buildActionMask = 2147483647;
			files = (
				10B44002A4F224391C1353C2 /* Pods_BrrrrTests.framework in Frameworks */,
				1E6A285A0BFC7894A585F2CA /* Pods_Brrrr_BrrrrTests.framework in Frameworks */,
			);
			runOnlyForDeploymentPostprocessing = 0;
		};
/* End PBXFrameworksBuildPhase section */

/* Begin PBXGroup section */
		CB3C60C41E6705F900B5DE01 /* Models */ = {
			isa = PBXGroup;
			children = (
				CB3C60C51E67065C00B5DE01 /* DataPoint.swift */,
				CB3C60C71E6709F700B5DE01 /* DataBlock.swift */,
				CB3C60C91E67BE5F00B5DE01 /* Alert.swift */,
				CB3C60CB1E67C19A00B5DE01 /* DarkSkyResponse.swift */,
			);
			name = Models;
			sourceTree = "<group>";
		};
		CB5918BE1EDF657A0093AC57 /* Components */ = {
			isa = PBXGroup;
			children = (
				CB5918DD1EE723C50093AC57 /* Header */,
				CB5918D21EE0C0EC0093AC57 /* XibLoadable.swift */,
				CB5918CB1EE09C140093AC57 /* Daily */,
				CB5918BF1EDF65990093AC57 /* Hourly */,
				CB5918E41EE867C00093AC57 /* Current */,
			);
			name = Components;
			sourceTree = "<group>";
		};
		CB5918BF1EDF65990093AC57 /* Hourly */ = {
			isa = PBXGroup;
			children = (
				CB5918C21EDF65D80093AC57 /* HourlyCell.swift */,
				CB5918C01EDF65C60093AC57 /* HourlyCell.xib */,
			);
			name = Hourly;
			sourceTree = "<group>";
		};
		CB5918C41EE083990093AC57 /* Assets */ = {
			isa = PBXGroup;
			children = (
				CB5918C51EE083AF0093AC57 /* LICENSE */,
				CB5918C61EE083AF0093AC57 /* weather.ttf */,
			);
			name = Assets;
			sourceTree = "<group>";
		};
		CB5918CB1EE09C140093AC57 /* Daily */ = {
			isa = PBXGroup;
			children = (
				CB5918DB1EE6EF8D0093AC57 /* DailyTableCell.swift */,
			);
			name = Daily;
			sourceTree = "<group>";
		};
		CB5918D41EE1F30E0093AC57 /* Services */ = {
			isa = PBXGroup;
			children = (
				CB5918D51EE1F4510093AC57 /* DateService.swift */,
				CB5918D61EE1F4510093AC57 /* Icons.swift */,
			);
			name = Services;
			sourceTree = "<group>";
		};
		CB5918DD1EE723C50093AC57 /* Header */ = {
			isa = PBXGroup;
			children = (
				CB5918DE1EE723FC0093AC57 /* HeaderCell.swift */,
				CB5918E01EE750BA0093AC57 /* HeaderCell.xib */,
			);
			name = Header;
			sourceTree = "<group>";
		};
		CB5918E41EE867C00093AC57 /* Current */ = {
			isa = PBXGroup;
			children = (
				CB5918E51EE868040093AC57 /* CurrentCell.swift */,
			);
			name = Current;
			sourceTree = "<group>";
		};
		CB5D08DD1ED5E558008F51FD /* Views */ = {
			isa = PBXGroup;
			children = (
				CBD512CC1E63B4A500614C3A /* LaunchScreen.storyboard */,
				CB5D08DE1ED5E593008F51FD /* Main */,
			);
			name = Views;
			sourceTree = "<group>";
		};
		CB5D08DE1ED5E593008F51FD /* Main */ = {
			isa = PBXGroup;
			children = (
				CB5D08E31ED62DEC008F51FD /* MainViewModel.swift */,
				CB5D08DF1ED5E5F1008F51FD /* MainViewController.swift */,
				CB5D08E11ED5E603008F51FD /* MainView.storyboard */,
			);
			name = Main;
			sourceTree = "<group>";
		};
		CBD512B71E63B4A500614C3A = {
			isa = PBXGroup;
			children = (
				CBD512C21E63B4A500614C3A /* Brrrr */,
				CBD512D71E63B4A500614C3A /* BrrrrTests */,
				CBD512C11E63B4A500614C3A /* Products */,
				F0905B087672BCA50A8CD794 /* Frameworks */,
				EEE9A1FA55E3E6CE4EFF01F5 /* Pods */,
			);
			sourceTree = "<group>";
		};
		CBD512C11E63B4A500614C3A /* Products */ = {
			isa = PBXGroup;
			children = (
				CBD512C01E63B4A500614C3A /* Brrrr.app */,
				CBD512D41E63B4A500614C3A /* BrrrrTests.xctest */,
			);
			name = Products;
			sourceTree = "<group>";
		};
		CBD512C21E63B4A500614C3A /* Brrrr */ = {
			isa = PBXGroup;
			children = (
				CBD512C31E63B4A500614C3A /* AppDelegate.swift */,
				CBD512CA1E63B4A500614C3A /* Assets.xcassets */,
				CBD512CF1E63B4A500614C3A /* Info.plist */,
				CBD512E61E6523E700614C3A /* API */,
				CB5918C41EE083990093AC57 /* Assets */,
				CB5918D41EE1F30E0093AC57 /* Services */,
				CB3C60C41E6705F900B5DE01 /* Models */,
				CB5918BE1EDF657A0093AC57 /* Components */,
				CB5D08DD1ED5E558008F51FD /* Views */,
			);
			path = Brrrr;
			sourceTree = "<group>";
		};
		CBD512D71E63B4A500614C3A /* BrrrrTests */ = {
			isa = PBXGroup;
			children = (
				CBD512D81E63B4A500614C3A /* BrrrrTests.swift */,
				CBD512DA1E63B4A500614C3A /* Info.plist */,
			);
			path = BrrrrTests;
			sourceTree = "<group>";
		};
		CBD512E61E6523E700614C3A /* API */ = {
			isa = PBXGroup;
			children = (
				CBD512E71E65245200614C3A /* API.swift */,
				CB3C60C21E66E18400B5DE01 /* Endpoints.swift */,
				CB5D08E71ED768F4008F51FD /* Location.swift */,
			);
			name = API;
			sourceTree = "<group>";
		};
		EEE9A1FA55E3E6CE4EFF01F5 /* Pods */ = {
			isa = PBXGroup;
			children = (
				4BC4BB3065A89C58FA302234 /* Pods-Brrrr.debug.xcconfig */,
				AB02F42ED7129974CA6C6D17 /* Pods-Brrrr.release.xcconfig */,
				E16A14F6096532BFC510344D /* Pods-BrrrrTests.debug.xcconfig */,
				B3D44BF47F53953D980194AB /* Pods-BrrrrTests.release.xcconfig */,
				208801FB54C1E7D887478AC3 /* Pods-Brrrr-BrrrrTests.debug.xcconfig */,
				59FAE070954E17C04FBA4DED /* Pods-Brrrr-BrrrrTests.release.xcconfig */,
			);
			name = Pods;
			sourceTree = "<group>";
		};
		F0905B087672BCA50A8CD794 /* Frameworks */ = {
			isa = PBXGroup;
			children = (
				A2CDB918DC2E26CB56B418A4 /* Pods_Brrrr.framework */,
				24CCD85F1BE4658245A2A55C /* Pods_BrrrrTests.framework */,
				23076826A2F997228A2DC497 /* Pods_Brrrr_BrrrrTests.framework */,
			);
			name = Frameworks;
			sourceTree = "<group>";
		};
/* End PBXGroup section */

/* Begin PBXNativeTarget section */
		CBD512BF1E63B4A500614C3A /* Brrrr */ = {
			isa = PBXNativeTarget;
			buildConfigurationList = CBD512DD1E63B4A500614C3A /* Build configuration list for PBXNativeTarget "Brrrr" */;
			buildPhases = (
				58BC7413FE72C9413D1B76FA /* [CP] Check Pods Manifest.lock */,
				CBD512BC1E63B4A500614C3A /* Sources */,
				CBD512BD1E63B4A500614C3A /* Frameworks */,
				CBD512BE1E63B4A500614C3A /* Resources */,
				078380DB07466F2BED29A388 /* [CP] Embed Pods Frameworks */,
				282D9D966478C39E94DF806D /* [CP] Copy Pods Resources */,
				CBD512E31E63B94900614C3A /* Swiftlint */,
			);
			buildRules = (
			);
			dependencies = (
			);
			name = Brrrr;
			productName = Brrrr;
			productReference = CBD512C01E63B4A500614C3A /* Brrrr.app */;
			productType = "com.apple.product-type.application";
		};
		CBD512D31E63B4A500614C3A /* BrrrrTests */ = {
			isa = PBXNativeTarget;
			buildConfigurationList = CBD512E01E63B4A500614C3A /* Build configuration list for PBXNativeTarget "BrrrrTests" */;
			buildPhases = (
				22E87567ADF6A87FB43F7914 /* [CP] Check Pods Manifest.lock */,
				CBD512D01E63B4A500614C3A /* Sources */,
				CBD512D11E63B4A500614C3A /* Frameworks */,
				CBD512D21E63B4A500614C3A /* Resources */,
				3D7426603C441FBF7757FF1B /* [CP] Embed Pods Frameworks */,
				B23011A66CA2F2B341A3C503 /* [CP] Copy Pods Resources */,
			);
			buildRules = (
			);
			dependencies = (
				CBD512D61E63B4A500614C3A /* PBXTargetDependency */,
			);
			name = BrrrrTests;
			productName = BrrrrTests;
			productReference = CBD512D41E63B4A500614C3A /* BrrrrTests.xctest */;
			productType = "com.apple.product-type.bundle.unit-test";
		};
/* End PBXNativeTarget section */

/* Begin PBXProject section */
		CBD512B81E63B4A500614C3A /* Project object */ = {
			isa = PBXProject;
			attributes = {
				LastSwiftUpdateCheck = 0820;
				LastUpgradeCheck = 0820;
				ORGANIZATIONNAME = "TKO Solutions";
				TargetAttributes = {
					CBD512BF1E63B4A500614C3A = {
						CreatedOnToolsVersion = 8.2;
						DevelopmentTeam = H4UQYGEL4C;
						ProvisioningStyle = Automatic;
					};
					CBD512D31E63B4A500614C3A = {
						CreatedOnToolsVersion = 8.2;
						DevelopmentTeam = H4UQYGEL4C;
						ProvisioningStyle = Automatic;
						TestTargetID = CBD512BF1E63B4A500614C3A;
					};
				};
			};
			buildConfigurationList = CBD512BB1E63B4A500614C3A /* Build configuration list for PBXProject "Brrrr" */;
			compatibilityVersion = "Xcode 3.2";
			developmentRegion = English;
			hasScannedForEncodings = 0;
			knownRegions = (
				en,
				Base,
			);
			mainGroup = CBD512B71E63B4A500614C3A;
			productRefGroup = CBD512C11E63B4A500614C3A /* Products */;
			projectDirPath = "";
			projectRoot = "";
			targets = (
				CBD512BF1E63B4A500614C3A /* Brrrr */,
				CBD512D31E63B4A500614C3A /* BrrrrTests */,
			);
		};
/* End PBXProject section */

/* Begin PBXResourcesBuildPhase section */
		CBD512BE1E63B4A500614C3A /* Resources */ = {
			isa = PBXResourcesBuildPhase;
			buildActionMask = 2147483647;
			files = (
				CB5918E11EE750BA0093AC57 /* HeaderCell.xib in Resources */,
				CBD512CE1E63B4A500614C3A /* LaunchScreen.storyboard in Resources */,
				CB5918C81EE083AF0093AC57 /* weather.ttf in Resources */,
				CBD512CB1E63B4A500614C3A /* Assets.xcassets in Resources */,
				CB5918C11EDF65C60093AC57 /* HourlyCell.xib in Resources */,
				CB5D08E21ED5E603008F51FD /* MainView.storyboard in Resources */,
				CB5918C71EE083AF0093AC57 /* LICENSE in Resources */,
			);
			runOnlyForDeploymentPostprocessing = 0;
		};
		CBD512D21E63B4A500614C3A /* Resources */ = {
			isa = PBXResourcesBuildPhase;
			buildActionMask = 2147483647;
			files = (
			);
			runOnlyForDeploymentPostprocessing = 0;
		};
/* End PBXResourcesBuildPhase section */

/* Begin PBXShellScriptBuildPhase section */
		078380DB07466F2BED29A388 /* [CP] Embed Pods Frameworks */ = {
			isa = PBXShellScriptBuildPhase;
			buildActionMask = 2147483647;
			files = (
			);
			inputPaths = (
			);
			name = "[CP] Embed Pods Frameworks";
			outputPaths = (
			);
			runOnlyForDeploymentPostprocessing = 0;
			shellPath = /bin/sh;
			shellScript = "\"${SRCROOT}/Pods/Target Support Files/Pods-Brrrr/Pods-Brrrr-frameworks.sh\"\n";
			showEnvVarsInLog = 0;
		};
		22E87567ADF6A87FB43F7914 /* [CP] Check Pods Manifest.lock */ = {
			isa = PBXShellScriptBuildPhase;
			buildActionMask = 2147483647;
			files = (
			);
			inputPaths = (
			);
			name = "[CP] Check Pods Manifest.lock";
			outputPaths = (
			);
			runOnlyForDeploymentPostprocessing = 0;
			shellPath = /bin/sh;
			shellScript = "diff \"${PODS_ROOT}/../Podfile.lock\" \"${PODS_ROOT}/Manifest.lock\" > /dev/null\nif [ $? != 0 ] ; then\n    # print error to STDERR\n    echo \"error: The sandbox is not in sync with the Podfile.lock. Run 'pod install' or update your CocoaPods installation.\" >&2\n    exit 1\nfi\n";
			showEnvVarsInLog = 0;
		};
		282D9D966478C39E94DF806D /* [CP] Copy Pods Resources */ = {
			isa = PBXShellScriptBuildPhase;
			buildActionMask = 2147483647;
			files = (
			);
			inputPaths = (
			);
			name = "[CP] Copy Pods Resources";
			outputPaths = (
			);
			runOnlyForDeploymentPostprocessing = 0;
			shellPath = /bin/sh;
			shellScript = "\"${SRCROOT}/Pods/Target Support Files/Pods-Brrrr/Pods-Brrrr-resources.sh\"\n";
			showEnvVarsInLog = 0;
		};
		3D7426603C441FBF7757FF1B /* [CP] Embed Pods Frameworks */ = {
			isa = PBXShellScriptBuildPhase;
			buildActionMask = 2147483647;
			files = (
			);
			inputPaths = (
			);
			name = "[CP] Embed Pods Frameworks";
			outputPaths = (
			);
			runOnlyForDeploymentPostprocessing = 0;
			shellPath = /bin/sh;
			shellScript = "\"${SRCROOT}/Pods/Target Support Files/Pods-Brrrr-BrrrrTests/Pods-Brrrr-BrrrrTests-frameworks.sh\"\n";
			showEnvVarsInLog = 0;
		};
		58BC7413FE72C9413D1B76FA /* [CP] Check Pods Manifest.lock */ = {
			isa = PBXShellScriptBuildPhase;
			buildActionMask = 2147483647;
			files = (
			);
			inputPaths = (
			);
			name = "[CP] Check Pods Manifest.lock";
			outputPaths = (
			);
			runOnlyForDeploymentPostprocessing = 0;
			shellPath = /bin/sh;
			shellScript = "diff \"${PODS_ROOT}/../Podfile.lock\" \"${PODS_ROOT}/Manifest.lock\" > /dev/null\nif [ $? != 0 ] ; then\n    # print error to STDERR\n    echo \"error: The sandbox is not in sync with the Podfile.lock. Run 'pod install' or update your CocoaPods installation.\" >&2\n    exit 1\nfi\n";
			showEnvVarsInLog = 0;
		};
		B23011A66CA2F2B341A3C503 /* [CP] Copy Pods Resources */ = {
			isa = PBXShellScriptBuildPhase;
			buildActionMask = 2147483647;
			files = (
			);
			inputPaths = (
			);
			name = "[CP] Copy Pods Resources";
			outputPaths = (
			);
			runOnlyForDeploymentPostprocessing = 0;
			shellPath = /bin/sh;
			shellScript = "\"${SRCROOT}/Pods/Target Support Files/Pods-Brrrr-BrrrrTests/Pods-Brrrr-BrrrrTests-resources.sh\"\n";
			showEnvVarsInLog = 0;
		};
		CBD512E31E63B94900614C3A /* Swiftlint */ = {
			isa = PBXShellScriptBuildPhase;
			buildActionMask = 2147483647;
			files = (
			);
			inputPaths = (
			);
			name = Swiftlint;
			outputPaths = (
			);
			runOnlyForDeploymentPostprocessing = 0;
			shellPath = /bin/sh;
			shellScript = "if which swiftlint >/dev/null; then\n  swiftlint\nelse\n  echo \"warning: swiftlint not installed\"\nfi";
		};
/* End PBXShellScriptBuildPhase section */

/* Begin PBXSourcesBuildPhase section */
		CBD512BC1E63B4A500614C3A /* Sources */ = {
			isa = PBXSourcesBuildPhase;
			buildActionMask = 2147483647;
			files = (
				CB5918C31EDF65D80093AC57 /* HourlyCell.swift in Sources */,
				CB3C60CC1E67C19A00B5DE01 /* DarkSkyResponse.swift in Sources */,
				CB5D08E81ED768F4008F51FD /* Location.swift in Sources */,
				CB3C60C81E6709F700B5DE01 /* DataBlock.swift in Sources */,
				CB5918E61EE868040093AC57 /* CurrentCell.swift in Sources */,
				CBD512E81E65245200614C3A /* API.swift in Sources */,
				CB5918D71EE1F4510093AC57 /* DateService.swift in Sources */,
				CB3C60C61E67065C00B5DE01 /* DataPoint.swift in Sources */,
				CB5D08E41ED62DEC008F51FD /* MainViewModel.swift in Sources */,
				CB5918D81EE1F4510093AC57 /* Icons.swift in Sources */,
				CB3C60C31E66E18400B5DE01 /* Endpoints.swift in Sources */,
				CB5918DC1EE6EF8D0093AC57 /* DailyTableCell.swift in Sources */,
				CB5D08E01ED5E5F1008F51FD /* MainViewController.swift in Sources */,
				CB5918D31EE0C0EC0093AC57 /* XibLoadable.swift in Sources */,
				CBD512C41E63B4A500614C3A /* AppDelegate.swift in Sources */,
				CB5918DF1EE723FC0093AC57 /* HeaderCell.swift in Sources */,
				CB3C60CA1E67BE5F00B5DE01 /* Alert.swift in Sources */,
			);
			runOnlyForDeploymentPostprocessing = 0;
		};
		CBD512D01E63B4A500614C3A /* Sources */ = {
			isa = PBXSourcesBuildPhase;
			buildActionMask = 2147483647;
			files = (
				CBD512D91E63B4A500614C3A /* BrrrrTests.swift in Sources */,
			);
			runOnlyForDeploymentPostprocessing = 0;
		};
/* End PBXSourcesBuildPhase section */

/* Begin PBXTargetDependency section */
		CBD512D61E63B4A500614C3A /* PBXTargetDependency */ = {
			isa = PBXTargetDependency;
			target = CBD512BF1E63B4A500614C3A /* Brrrr */;
			targetProxy = CBD512D51E63B4A500614C3A /* PBXContainerItemProxy */;
		};
/* End PBXTargetDependency section */

/* Begin PBXVariantGroup section */
		CBD512CC1E63B4A500614C3A /* LaunchScreen.storyboard */ = {
			isa = PBXVariantGroup;
			children = (
				CBD512CD1E63B4A500614C3A /* Base */,
			);
			name = LaunchScreen.storyboard;
			sourceTree = "<group>";
		};
/* End PBXVariantGroup section */

/* Begin XCBuildConfiguration section */
		CBD512DB1E63B4A500614C3A /* Debug */ = {
			isa = XCBuildConfiguration;
			buildSettings = {
				ALWAYS_SEARCH_USER_PATHS = NO;
				CLANG_ANALYZER_NONNULL = YES;
				CLANG_CXX_LANGUAGE_STANDARD = "gnu++0x";
				CLANG_CXX_LIBRARY = "libc++";
				CLANG_ENABLE_MODULES = YES;
				CLANG_ENABLE_OBJC_ARC = YES;
				CLANG_WARN_BOOL_CONVERSION = YES;
				CLANG_WARN_CONSTANT_CONVERSION = YES;
				CLANG_WARN_DIRECT_OBJC_ISA_USAGE = YES_ERROR;
				CLANG_WARN_DOCUMENTATION_COMMENTS = YES;
				CLANG_WARN_EMPTY_BODY = YES;
				CLANG_WARN_ENUM_CONVERSION = YES;
				CLANG_WARN_INFINITE_RECURSION = YES;
				CLANG_WARN_INT_CONVERSION = YES;
				CLANG_WARN_OBJC_ROOT_CLASS = YES_ERROR;
				CLANG_WARN_SUSPICIOUS_MOVE = YES;
				CLANG_WARN_UNREACHABLE_CODE = YES;
				CLANG_WARN__DUPLICATE_METHOD_MATCH = YES;
				"CODE_SIGN_IDENTITY[sdk=iphoneos*]" = "iPhone Developer";
				COPY_PHASE_STRIP = NO;
				DEBUG_INFORMATION_FORMAT = dwarf;
				ENABLE_STRICT_OBJC_MSGSEND = YES;
				ENABLE_TESTABILITY = YES;
				GCC_C_LANGUAGE_STANDARD = gnu99;
				GCC_DYNAMIC_NO_PIC = NO;
				GCC_NO_COMMON_BLOCKS = YES;
				GCC_OPTIMIZATION_LEVEL = 0;
				GCC_PREPROCESSOR_DEFINITIONS = (
					"DEBUG=1",
					"$(inherited)",
				);
				GCC_WARN_64_TO_32_BIT_CONVERSION = YES;
				GCC_WARN_ABOUT_RETURN_TYPE = YES_ERROR;
				GCC_WARN_UNDECLARED_SELECTOR = YES;
				GCC_WARN_UNINITIALIZED_AUTOS = YES_AGGRESSIVE;
				GCC_WARN_UNUSED_FUNCTION = YES;
				GCC_WARN_UNUSED_VARIABLE = YES;
				IPHONEOS_DEPLOYMENT_TARGET = 10.2;
				MTL_ENABLE_DEBUG_INFO = YES;
				ONLY_ACTIVE_ARCH = YES;
				SDKROOT = iphoneos;
				SWIFT_ACTIVE_COMPILATION_CONDITIONS = DEBUG;
				SWIFT_OPTIMIZATION_LEVEL = "-Onone";
				TARGETED_DEVICE_FAMILY = "1,2";
			};
			name = Debug;
		};
		CBD512DC1E63B4A500614C3A /* Release */ = {
			isa = XCBuildConfiguration;
			buildSettings = {
				ALWAYS_SEARCH_USER_PATHS = NO;
				CLANG_ANALYZER_NONNULL = YES;
				CLANG_CXX_LANGUAGE_STANDARD = "gnu++0x";
				CLANG_CXX_LIBRARY = "libc++";
				CLANG_ENABLE_MODULES = YES;
				CLANG_ENABLE_OBJC_ARC = YES;
				CLANG_WARN_BOOL_CONVERSION = YES;
				CLANG_WARN_CONSTANT_CONVERSION = YES;
				CLANG_WARN_DIRECT_OBJC_ISA_USAGE = YES_ERROR;
				CLANG_WARN_DOCUMENTATION_COMMENTS = YES;
				CLANG_WARN_EMPTY_BODY = YES;
				CLANG_WARN_ENUM_CONVERSION = YES;
				CLANG_WARN_INFINITE_RECURSION = YES;
				CLANG_WARN_INT_CONVERSION = YES;
				CLANG_WARN_OBJC_ROOT_CLASS = YES_ERROR;
				CLANG_WARN_SUSPICIOUS_MOVE = YES;
				CLANG_WARN_UNREACHABLE_CODE = YES;
				CLANG_WARN__DUPLICATE_METHOD_MATCH = YES;
				"CODE_SIGN_IDENTITY[sdk=iphoneos*]" = "iPhone Developer";
				COPY_PHASE_STRIP = NO;
				DEBUG_INFORMATION_FORMAT = "dwarf-with-dsym";
				ENABLE_NS_ASSERTIONS = NO;
				ENABLE_STRICT_OBJC_MSGSEND = YES;
				GCC_C_LANGUAGE_STANDARD = gnu99;
				GCC_NO_COMMON_BLOCKS = YES;
				GCC_WARN_64_TO_32_BIT_CONVERSION = YES;
				GCC_WARN_ABOUT_RETURN_TYPE = YES_ERROR;
				GCC_WARN_UNDECLARED_SELECTOR = YES;
				GCC_WARN_UNINITIALIZED_AUTOS = YES_AGGRESSIVE;
				GCC_WARN_UNUSED_FUNCTION = YES;
				GCC_WARN_UNUSED_VARIABLE = YES;
				IPHONEOS_DEPLOYMENT_TARGET = 10.2;
				MTL_ENABLE_DEBUG_INFO = NO;
				SDKROOT = iphoneos;
				SWIFT_OPTIMIZATION_LEVEL = "-Owholemodule";
				TARGETED_DEVICE_FAMILY = "1,2";
				VALIDATE_PRODUCT = YES;
			};
			name = Release;
		};
		CBD512DE1E63B4A500614C3A /* Debug */ = {
			isa = XCBuildConfiguration;
			baseConfigurationReference = 4BC4BB3065A89C58FA302234 /* Pods-Brrrr.debug.xcconfig */;
			buildSettings = {
				ASSETCATALOG_COMPILER_APPICON_NAME = AppIcon;
				DEVELOPMENT_TEAM = H4UQYGEL4C;
				INFOPLIST_FILE = Brrrr/Info.plist;
				LD_RUNPATH_SEARCH_PATHS = "$(inherited) @executable_path/Frameworks";
				PRODUCT_BUNDLE_IDENTIFIER = "com.tko-solutions.Brrrr";
				PRODUCT_NAME = "$(TARGET_NAME)";
				SWIFT_VERSION = 3.0;
			};
			name = Debug;
		};
		CBD512DF1E63B4A500614C3A /* Release */ = {
			isa = XCBuildConfiguration;
			baseConfigurationReference = AB02F42ED7129974CA6C6D17 /* Pods-Brrrr.release.xcconfig */;
			buildSettings = {
				ASSETCATALOG_COMPILER_APPICON_NAME = AppIcon;
				DEVELOPMENT_TEAM = H4UQYGEL4C;
				INFOPLIST_FILE = Brrrr/Info.plist;
				LD_RUNPATH_SEARCH_PATHS = "$(inherited) @executable_path/Frameworks";
				PRODUCT_BUNDLE_IDENTIFIER = "com.tko-solutions.Brrrr";
				PRODUCT_NAME = "$(TARGET_NAME)";
				SWIFT_VERSION = 3.0;
			};
			name = Release;
		};
		CBD512E11E63B4A500614C3A /* Debug */ = {
			isa = XCBuildConfiguration;
			baseConfigurationReference = 208801FB54C1E7D887478AC3 /* Pods-Brrrr-BrrrrTests.debug.xcconfig */;
			buildSettings = {
				ALWAYS_EMBED_SWIFT_STANDARD_LIBRARIES = YES;
				BUNDLE_LOADER = "$(TEST_HOST)";
				DEVELOPMENT_TEAM = H4UQYGEL4C;
				INFOPLIST_FILE = BrrrrTests/Info.plist;
				LD_RUNPATH_SEARCH_PATHS = "$(inherited) @executable_path/Frameworks @loader_path/Frameworks";
				PRODUCT_BUNDLE_IDENTIFIER = "com.tko-solutions.BrrrrTests";
				PRODUCT_NAME = "$(TARGET_NAME)";
				SWIFT_VERSION = 3.0;
				TEST_HOST = "$(BUILT_PRODUCTS_DIR)/Brrrr.app/Brrrr";
			};
			name = Debug;
		};
		CBD512E21E63B4A500614C3A /* Release */ = {
			isa = XCBuildConfiguration;
			baseConfigurationReference = 59FAE070954E17C04FBA4DED /* Pods-Brrrr-BrrrrTests.release.xcconfig */;
			buildSettings = {
				ALWAYS_EMBED_SWIFT_STANDARD_LIBRARIES = YES;
				BUNDLE_LOADER = "$(TEST_HOST)";
				DEVELOPMENT_TEAM = H4UQYGEL4C;
				INFOPLIST_FILE = BrrrrTests/Info.plist;
				LD_RUNPATH_SEARCH_PATHS = "$(inherited) @executable_path/Frameworks @loader_path/Frameworks";
				PRODUCT_BUNDLE_IDENTIFIER = "com.tko-solutions.BrrrrTests";
				PRODUCT_NAME = "$(TARGET_NAME)";
				SWIFT_VERSION = 3.0;
				TEST_HOST = "$(BUILT_PRODUCTS_DIR)/Brrrr.app/Brrrr";
			};
			name = Release;
		};
/* End XCBuildConfiguration section */

/* Begin XCConfigurationList section */
		CBD512BB1E63B4A500614C3A /* Build configuration list for PBXProject "Brrrr" */ = {
			isa = XCConfigurationList;
			buildConfigurations = (
				CBD512DB1E63B4A500614C3A /* Debug */,
				CBD512DC1E63B4A500614C3A /* Release */,
			);
			defaultConfigurationIsVisible = 0;
			defaultConfigurationName = Release;
		};
		CBD512DD1E63B4A500614C3A /* Build configuration list for PBXNativeTarget "Brrrr" */ = {
			isa = XCConfigurationList;
			buildConfigurations = (
				CBD512DE1E63B4A500614C3A /* Debug */,
				CBD512DF1E63B4A500614C3A /* Release */,
			);
			defaultConfigurationIsVisible = 0;
			defaultConfigurationName = Release;
		};
		CBD512E01E63B4A500614C3A /* Build configuration list for PBXNativeTarget "BrrrrTests" */ = {
			isa = XCConfigurationList;
			buildConfigurations = (
				CBD512E11E63B4A500614C3A /* Debug */,
				CBD512E21E63B4A500614C3A /* Release */,
			);
			defaultConfigurationIsVisible = 0;
			defaultConfigurationName = Release;
		};
/* End XCConfigurationList section */
	};
	rootObject = CBD512B81E63B4A500614C3A /* Project object */;
}
